
Microsoft Visual Studio Solution File, Format Version 12.00
# Visual Studio Version 17
VisualStudioVersion = 17.7.34024.191
MinimumVisualStudioVersion = 10.0.40219.1
Project("{2150E333-8FDC-42A3-9474-1A3956D46DE8}") = "Services", "Services", "{52B01751-4547-4DB2-A4DA-FF61F8EF3C9B}"
EndProject
Project("{2150E333-8FDC-42A3-9474-1A3956D46DE8}") = "Catalog", "Catalog", "{6323FAF9-99DA-47F0-9646-1CB77C1E623F}"
EndProject
Project("{9A19103F-16F7-4668-BE54-9A1E7A4F7556}") = "Catalog.API", "Services\Catalog\Catalog.API\Catalog.API.csproj", "{8FC3F314-832A-4072-9D13-FF5158A06DA8}"
EndProject
Project("{2150E333-8FDC-42A3-9474-1A3956D46DE8}") = "BuildingBlocks", "BuildingBlocks", "{1711C0BB-A94E-4B5B-AF5B-2914A6250C33}"
EndProject
Project("{9A19103F-16F7-4668-BE54-9A1E7A4F7556}") = "BuildingBlocks", "BuildingBlocks\BuildingBlocks\BuildingBlocks.csproj", "{3F1BE806-C44C-44BE-A88D-46295CD93224}"
EndProject
Project("{E53339B2-1760-4266-BCC7-CA923CBCF16C}") = "docker-compose", "docker-compose.dcproj", "{FB07CB6A-8714-4FD8-93B7-B15FEB626F3A}"
EndProject
Project("{2150E333-8FDC-42A3-9474-1A3956D46DE8}") = "Basket", "Basket", "{A342D126-A112-43D7-A98C-EBC957FC35C1}"
EndProject
Project("{9A19103F-16F7-4668-BE54-9A1E7A4F7556}") = "Basket.API", "Services\Basket\Basket.API\Basket.API.csproj", "{D1D08999-E6D9-487F-94CA-8C9CDE31CE69}"
EndProject
Project("{2150E333-8FDC-42A3-9474-1A3956D46DE8}") = "Discount", "Discount", "{122CC29A-14F7-4CF2-AB2D-CDCD73E0F7C5}"
EndProject
Project("{9A19103F-16F7-4668-BE54-9A1E7A4F7556}") = "Discount.Grpc", "Services\Discount\Discount.Grpc\Discount.Grpc.csproj", "{0EBFC1A7-BC02-4CF1-87EE-A4BD86A27EA8}"
EndProject
Project("{2150E333-8FDC-42A3-9474-1A3956D46DE8}") = "Ordering", "Ordering", "{42CBFA11-B77F-46EE-9AC4-F45B2B94B414}"
EndProject
Project("{9A19103F-16F7-4668-BE54-9A1E7A4F7556}") = "Ordering.API", "Services\Ordering\Ordering.API\Ordering.API.csproj", "{33B95A44-9B3C-4986-9337-DBB25192AA5C}"
EndProject
Project("{9A19103F-16F7-4668-BE54-9A1E7A4F7556}") = "Ordering.Application", "Services\Ordering\Ordering.Application\Ordering.Application.csproj", "{3E5FA88B-6594-4941-AFC3-727CC02D2BA3}"
EndProject
Project("{9A19103F-16F7-4668-BE54-9A1E7A4F7556}") = "Ordering.Domain", "Services\Ordering\Ordering.Domain\Ordering.Domain.csproj", "{C1AEFE7F-1AB4-4D40-A29E-639343DA236A}"
EndProject
Project("{9A19103F-16F7-4668-BE54-9A1E7A4F7556}") = "Ordering.Infrastructure", "Services\Ordering\Ordering.Infrastructure\Ordering.Infrastructure.csproj", "{52D3C98E-960F-4AE3-B479-B1EF095B8913}"
EndProject
Project("{9A19103F-16F7-4668-BE54-9A1E7A4F7556}") = "BuildingBlocks.Messaging", "BuildingBlocks\BuildingBlocks.Messaging\BuildingBlocks.Messaging.csproj", "{F38CCA7D-20C9-4ABA-864D-4535CC673B89}"
EndProject
Project("{2150E333-8FDC-42A3-9474-1A3956D46DE8}") = "ApiGateways", "ApiGateways", "{4578BB8F-ABC3-47EE-98CA-4B8A2EE11743}"
EndProject
Project("{FAE04EC0-301F-11D3-BF4B-00C04F79EFBC}") = "YarpApiGateway", "ApiGateways\YarpApiGateway\YarpApiGateway.csproj", "{95968867-4B5A-4C29-B2FE-FFBBEC930942}"
EndProject
Global
	GlobalSection(SolutionConfigurationPlatforms) = preSolution
		Debug|Any CPU = Debug|Any CPU
		Release|Any CPU = Release|Any CPU
	EndGlobalSection
	GlobalSection(ProjectConfigurationPlatforms) = postSolution
		{8FC3F314-832A-4072-9D13-FF5158A06DA8}.Debug|Any CPU.ActiveCfg = Debug|Any CPU
		{8FC3F314-832A-4072-9D13-FF5158A06DA8}.Debug|Any CPU.Build.0 = Debug|Any CPU
		{8FC3F314-832A-4072-9D13-FF5158A06DA8}.Release|Any CPU.ActiveCfg = Release|Any CPU
		{8FC3F314-832A-4072-9D13-FF5158A06DA8}.Release|Any CPU.Build.0 = Release|Any CPU
		{3F1BE806-C44C-44BE-A88D-46295CD93224}.Debug|Any CPU.ActiveCfg = Debug|Any CPU
		{3F1BE806-C44C-44BE-A88D-46295CD93224}.Debug|Any CPU.Build.0 = Debug|Any CPU
		{3F1BE806-C44C-44BE-A88D-46295CD93224}.Release|Any CPU.ActiveCfg = Release|Any CPU
		{3F1BE806-C44C-44BE-A88D-46295CD93224}.Release|Any CPU.Build.0 = Release|Any CPU
		{FB07CB6A-8714-4FD8-93B7-B15FEB626F3A}.Debug|Any CPU.ActiveCfg = Debug|Any CPU
		{FB07CB6A-8714-4FD8-93B7-B15FEB626F3A}.Debug|Any CPU.Build.0 = Debug|Any CPU
		{FB07CB6A-8714-4FD8-93B7-B15FEB626F3A}.Release|Any CPU.ActiveCfg = Release|Any CPU
		{FB07CB6A-8714-4FD8-93B7-B15FEB626F3A}.Release|Any CPU.Build.0 = Release|Any CPU
		{D1D08999-E6D9-487F-94CA-8C9CDE31CE69}.Debug|Any CPU.ActiveCfg = Debug|Any CPU
		{D1D08999-E6D9-487F-94CA-8C9CDE31CE69}.Debug|Any CPU.Build.0 = Debug|Any CPU
		{D1D08999-E6D9-487F-94CA-8C9CDE31CE69}.Release|Any CPU.ActiveCfg = Release|Any CPU
		{D1D08999-E6D9-487F-94CA-8C9CDE31CE69}.Release|Any CPU.Build.0 = Release|Any CPU
		{0EBFC1A7-BC02-4CF1-87EE-A4BD86A27EA8}.Debug|Any CPU.ActiveCfg = Debug|Any CPU
		{0EBFC1A7-BC02-4CF1-87EE-A4BD86A27EA8}.Debug|Any CPU.Build.0 = Debug|Any CPU
		{0EBFC1A7-BC02-4CF1-87EE-A4BD86A27EA8}.Release|Any CPU.ActiveCfg = Release|Any CPU
		{0EBFC1A7-BC02-4CF1-87EE-A4BD86A27EA8}.Release|Any CPU.Build.0 = Release|Any CPU
		{33B95A44-9B3C-4986-9337-DBB25192AA5C}.Debug|Any CPU.ActiveCfg = Debug|Any CPU
		{33B95A44-9B3C-4986-9337-DBB25192AA5C}.Debug|Any CPU.Build.0 = Debug|Any CPU
		{33B95A44-9B3C-4986-9337-DBB25192AA5C}.Release|Any CPU.ActiveCfg = Release|Any CPU
		{33B95A44-9B3C-4986-9337-DBB25192AA5C}.Release|Any CPU.Build.0 = Release|Any CPU
		{3E5FA88B-6594-4941-AFC3-727CC02D2BA3}.Debug|Any CPU.ActiveCfg = Debug|Any CPU
		{3E5FA88B-6594-4941-AFC3-727CC02D2BA3}.Debug|Any CPU.Build.0 = Debug|Any CPU
		{3E5FA88B-6594-4941-AFC3-727CC02D2BA3}.Release|Any CPU.ActiveCfg = Release|Any CPU
		{3E5FA88B-6594-4941-AFC3-727CC02D2BA3}.Release|Any CPU.Build.0 = Release|Any CPU
		{C1AEFE7F-1AB4-4D40-A29E-639343DA236A}.Debug|Any CPU.ActiveCfg = Debug|Any CPU
		{C1AEFE7F-1AB4-4D40-A29E-639343DA236A}.Debug|Any CPU.Build.0 = Debug|Any CPU
		{C1AEFE7F-1AB4-4D40-A29E-639343DA236A}.Release|Any CPU.ActiveCfg = Release|Any CPU
		{C1AEFE7F-1AB4-4D40-A29E-639343DA236A}.Release|Any CPU.Build.0 = Release|Any CPU
		{52D3C98E-960F-4AE3-B479-B1EF095B8913}.Debug|Any CPU.ActiveCfg = Debug|Any CPU
		{52D3C98E-960F-4AE3-B479-B1EF095B8913}.Debug|Any CPU.Build.0 = Debug|Any CPU
		{52D3C98E-960F-4AE3-B479-B1EF095B8913}.Release|Any CPU.ActiveCfg = Release|Any CPU
		{52D3C98E-960F-4AE3-B479-B1EF095B8913}.Release|Any CPU.Build.0 = Release|Any CPU
		{F38CCA7D-20C9-4ABA-864D-4535CC673B89}.Debug|Any CPU.ActiveCfg = Debug|Any CPU
		{F38CCA7D-20C9-4ABA-864D-4535CC673B89}.Debug|Any CPU.Build.0 = Debug|Any CPU
		{F38CCA7D-20C9-4ABA-864D-4535CC673B89}.Release|Any CPU.ActiveCfg = Release|Any CPU
		{F38CCA7D-20C9-4ABA-864D-4535CC673B89}.Release|Any CPU.Build.0 = Release|Any CPU
		{95968867-4B5A-4C29-B2FE-FFBBEC930942}.Debug|Any CPU.ActiveCfg = Debug|Any CPU
		{95968867-4B5A-4C29-B2FE-FFBBEC930942}.Debug|Any CPU.Build.0 = Debug|Any CPU
		{95968867-4B5A-4C29-B2FE-FFBBEC930942}.Release|Any CPU.ActiveCfg = Release|Any CPU
		{95968867-4B5A-4C29-B2FE-FFBBEC930942}.Release|Any CPU.Build.0 = Release|Any CPU
	EndGlobalSection
	GlobalSection(SolutionProperties) = preSolution
		HideSolutionNode = FALSE
	EndGlobalSection
	GlobalSection(NestedProjects) = preSolution
		{6323FAF9-99DA-47F0-9646-1CB77C1E623F} = {52B01751-4547-4DB2-A4DA-FF61F8EF3C9B}
		{8FC3F314-832A-4072-9D13-FF5158A06DA8} = {6323FAF9-99DA-47F0-9646-1CB77C1E623F}
		{3F1BE806-C44C-44BE-A88D-46295CD93224} = {1711C0BB-A94E-4B5B-AF5B-2914A6250C33}
		{A342D126-A112-43D7-A98C-EBC957FC35C1} = {52B01751-4547-4DB2-A4DA-FF61F8EF3C9B}
		{D1D08999-E6D9-487F-94CA-8C9CDE31CE69} = {A342D126-A112-43D7-A98C-EBC957FC35C1}
		{122CC29A-14F7-4CF2-AB2D-CDCD73E0F7C5} = {52B01751-4547-4DB2-A4DA-FF61F8EF3C9B}
		{0EBFC1A7-BC02-4CF1-87EE-A4BD86A27EA8} = {122CC29A-14F7-4CF2-AB2D-CDCD73E0F7C5}
		{42CBFA11-B77F-46EE-9AC4-F45B2B94B414} = {52B01751-4547-4DB2-A4DA-FF61F8EF3C9B}
		{33B95A44-9B3C-4986-9337-DBB25192AA5C} = {42CBFA11-B77F-46EE-9AC4-F45B2B94B414}
		{3E5FA88B-6594-4941-AFC3-727CC02D2BA3} = {42CBFA11-B77F-46EE-9AC4-F45B2B94B414}
		{C1AEFE7F-1AB4-4D40-A29E-639343DA236A} = {42CBFA11-B77F-46EE-9AC4-F45B2B94B414}
		{52D3C98E-960F-4AE3-B479-B1EF095B8913} = {42CBFA11-B77F-46EE-9AC4-F45B2B94B414}
		{F38CCA7D-20C9-4ABA-864D-4535CC673B89} = {1711C0BB-A94E-4B5B-AF5B-2914A6250C33}
		{95968867-4B5A-4C29-B2FE-FFBBEC930942} = {4578BB8F-ABC3-47EE-98CA-4B8A2EE11743}
	EndGlobalSection
	GlobalSection(ExtensibilityGlobals) = postSolution
		SolutionGuid = {3483121E-DB20-4E9D-8D28-F207CBAD9AFB}
	EndGlobalSection
EndGlobal
